
Microsoft Visual Studio Solution File, Format Version 12.00
# Visual Studio Version 17
VisualStudioVersion = 17.0.31903.59
MinimumVisualStudioVersion = 10.0.40219.1
Project("{FAE04EC0-301F-11D3-BF4B-00C04F79EFBC}") = "Sınav_Denemeleri vol.2", "Sınav_Denemeleri vol.2\Sınav_Denemeleri vol.2.csproj", "{57A4310D-D2DD-43CD-89F4-97A590110262}"
EndProject
Global
	GlobalSection(SolutionConfigurationPlatforms) = preSolution
		Debug|Any CPU = Debug|Any CPU
		Release|Any CPU = Release|Any CPU
	EndGlobalSection
	GlobalSection(ProjectConfigurationPlatforms) = postSolution
		{57A4310D-D2DD-43CD-89F4-97A590110262}.Debug|Any CPU.ActiveCfg = Debug|Any CPU
		{57A4310D-D2DD-43CD-89F4-97A590110262}.Debug|Any CPU.Build.0 = Debug|Any CPU
		{57A4310D-D2DD-43CD-89F4-97A590110262}.Release|Any CPU.ActiveCfg = Release|Any CPU
		{57A4310D-D2DD-43CD-89F4-97A590110262}.Release|Any CPU.Build.0 = Release|Any CPU
	EndGlobalSection
	GlobalSection(SolutionProperties) = preSolution
		HideSolutionNode = FALSE
	EndGlobalSection
	GlobalSection(ExtensibilityGlobals) = postSolution
		SolutionGuid = {00B9AFF6-B6BE-4095-A0DD-9B81FF433A6A}
	EndGlobalSection
EndGlobal
